name: Sync uv.lock on release PR

on:
  push:
    branches:
      - 'release-please--**'

permissions:
  contents: write

jobs:
  sync-uv-lock:
    runs-on: ubuntu-latest
    steps:
      - uses: actions/checkout@v4
        with:
          token: ${{ secrets.RELEASE_PLEASE_TOKEN }}

      - uses: astral-sh/setup-uv@v5

      - run: uv lock

      - name: Commit updated uv.lock if changed
        run: |
          git config user.name "github-actions[bot]"
          git config user.email "github-actions[bot]@users.noreply.github.com"
          git add uv.lock
          git diff --staged --quiet || (git commit -m "chore: sync uv.lock" && git push)
